
Microsoft Visual Studio Solution File, Format Version 12.00
# Visual Studio Version 16
VisualStudioVersion = 16.0.29613.14
MinimumVisualStudioVersion = 10.0.40219.1
Project("{FAE04EC0-301F-11D3-BF4B-00C04F79EFBC}") = "LinkyLink.Common", "LinkyLink.Common\LinkyLink.Common.csproj", "{40A11F0E-5A68-430E-BCD4-76F27B081627}"
EndProject
Global
	GlobalSection(SolutionConfigurationPlatforms) = preSolution
		Debug|Any CPU = Debug|Any CPU
		Release|Any CPU = Release|Any CPU
	EndGlobalSection
	GlobalSection(ProjectConfigurationPlatforms) = postSolution
		{40A11F0E-5A68-430E-BCD4-76F27B081627}.Debug|Any CPU.ActiveCfg = Debug|Any CPU
		{40A11F0E-5A68-430E-BCD4-76F27B081627}.Debug|Any CPU.Build.0 = Debug|Any CPU
		{40A11F0E-5A68-430E-BCD4-76F27B081627}.Release|Any CPU.ActiveCfg = Release|Any CPU
		{40A11F0E-5A68-430E-BCD4-76F27B081627}.Release|Any CPU.Build.0 = Release|Any CPU
	EndGlobalSection
	GlobalSection(SolutionProperties) = preSolution
		HideSolutionNode = FALSE
	EndGlobalSection
	GlobalSection(ExtensibilityGlobals) = postSolution
		SolutionGuid = {10340937-C4EF-4D5F-AD08-63980DDA0FF6}
	EndGlobalSection
EndGlobal
